
Microsoft Visual Studio Solution File, Format Version 12.00
# Visual Studio 2012
Project("{FAE04EC0-301F-11D3-BF4B-00C04F79EFBC}") = "CultureITS", "CultureITS\CultureITS.csproj", "{E66404C1-354E-4EBD-9124-3BB3AB9FF4F2}"
EndProject
Global
	GlobalSection(SolutionConfigurationPlatforms) = preSolution
		Debug|Any CPU = Debug|Any CPU
		Release|Any CPU = Release|Any CPU
	EndGlobalSection
	GlobalSection(ProjectConfigurationPlatforms) = postSolution
		{E66404C1-354E-4EBD-9124-3BB3AB9FF4F2}.Debug|Any CPU.ActiveCfg = Debug|Any CPU
		{E66404C1-354E-4EBD-9124-3BB3AB9FF4F2}.Debug|Any CPU.Build.0 = Debug|Any CPU
		{E66404C1-354E-4EBD-9124-3BB3AB9FF4F2}.Release|Any CPU.ActiveCfg = Release|Any CPU
		{E66404C1-354E-4EBD-9124-3BB3AB9FF4F2}.Release|Any CPU.Build.0 = Release|Any CPU
	EndGlobalSection
	GlobalSection(SolutionProperties) = preSolution
		HideSolutionNode = FALSE
	EndGlobalSection
EndGlobal
